
Microsoft Visual Studio Solution File, Format Version 12.00
# Visual Studio Version 17
VisualStudioVersion = 17.13.35931.197
MinimumVisualStudioVersion = 10.0.40219.1
Project("{FAE04EC0-301F-11D3-BF4B-00C04F79EFBC}") = "Login-Register", "Login-Register.csproj", "{4FFF07C2-3C65-4BCE-8B3C-1C073F327FFD}"
EndProject
Project("{FAE04EC0-301F-11D3-BF4B-00C04F79EFBC}") = "HOC_VIEN", "..\HOC_VIEN\HOC_VIEN.csproj", "{6BFE1D58-7877-4AE1-97EC-06D67D0206C7}"
EndProject
Project("{FAE04EC0-301F-11D3-BF4B-00C04F79EFBC}") = "Admin", "..\Admin\Admin.csproj", "{ED76F61D-DE6F-4016-9670-0BFFD7C85626}"
EndProject
Project("{FAE04EC0-301F-11D3-BF4B-00C04F79EFBC}") = "HLV", "..\HLV\HLV.csproj", "{91D6B617-A6B1-424E-BD09-35DE8A8EF87B}"
EndProject
Project("{FAE04EC0-301F-11D3-BF4B-00C04F79EFBC}") = "DB_Entity", "..\DB_Entity\DB_Entity.csproj", "{94B13132-C01C-4935-8A14-DF80D5F70069}"
EndProject
Global
	GlobalSection(SolutionConfigurationPlatforms) = preSolution
		Debug|Any CPU = Debug|Any CPU
		Release|Any CPU = Release|Any CPU
	EndGlobalSection
	GlobalSection(ProjectConfigurationPlatforms) = postSolution
		{4FFF07C2-3C65-4BCE-8B3C-1C073F327FFD}.Debug|Any CPU.ActiveCfg = Debug|Any CPU
		{4FFF07C2-3C65-4BCE-8B3C-1C073F327FFD}.Debug|Any CPU.Build.0 = Debug|Any CPU
		{4FFF07C2-3C65-4BCE-8B3C-1C073F327FFD}.Release|Any CPU.ActiveCfg = Release|Any CPU
		{4FFF07C2-3C65-4BCE-8B3C-1C073F327FFD}.Release|Any CPU.Build.0 = Release|Any CPU
		{6BFE1D58-7877-4AE1-97EC-06D67D0206C7}.Debug|Any CPU.ActiveCfg = Debug|Any CPU
		{6BFE1D58-7877-4AE1-97EC-06D67D0206C7}.Debug|Any CPU.Build.0 = Debug|Any CPU
		{6BFE1D58-7877-4AE1-97EC-06D67D0206C7}.Release|Any CPU.ActiveCfg = Release|Any CPU
		{6BFE1D58-7877-4AE1-97EC-06D67D0206C7}.Release|Any CPU.Build.0 = Release|Any CPU
		{ED76F61D-DE6F-4016-9670-0BFFD7C85626}.Debug|Any CPU.ActiveCfg = Debug|Any CPU
		{ED76F61D-DE6F-4016-9670-0BFFD7C85626}.Debug|Any CPU.Build.0 = Debug|Any CPU
		{ED76F61D-DE6F-4016-9670-0BFFD7C85626}.Release|Any CPU.ActiveCfg = Release|Any CPU
		{ED76F61D-DE6F-4016-9670-0BFFD7C85626}.Release|Any CPU.Build.0 = Release|Any CPU
		{91D6B617-A6B1-424E-BD09-35DE8A8EF87B}.Debug|Any CPU.ActiveCfg = Debug|Any CPU
		{91D6B617-A6B1-424E-BD09-35DE8A8EF87B}.Debug|Any CPU.Build.0 = Debug|Any CPU
		{91D6B617-A6B1-424E-BD09-35DE8A8EF87B}.Release|Any CPU.ActiveCfg = Release|Any CPU
		{91D6B617-A6B1-424E-BD09-35DE8A8EF87B}.Release|Any CPU.Build.0 = Release|Any CPU
		{94B13132-C01C-4935-8A14-DF80D5F70069}.Debug|Any CPU.ActiveCfg = Debug|Any CPU
		{94B13132-C01C-4935-8A14-DF80D5F70069}.Debug|Any CPU.Build.0 = Debug|Any CPU
		{94B13132-C01C-4935-8A14-DF80D5F70069}.Release|Any CPU.ActiveCfg = Release|Any CPU
		{94B13132-C01C-4935-8A14-DF80D5F70069}.Release|Any CPU.Build.0 = Release|Any CPU
	EndGlobalSection
	GlobalSection(SolutionProperties) = preSolution
		HideSolutionNode = FALSE
	EndGlobalSection
	GlobalSection(ExtensibilityGlobals) = postSolution
		SolutionGuid = {63950D4D-FF9E-4249-8AEC-B3F7EB91EB78}
	EndGlobalSection
EndGlobal
